<Solution>
  <Folder Name="/docs/">
    <File Path="README.md" />
  </Folder>
  <Folder Name="/src/">
    <Project Path="src/MP.Gateway/MP.Gateway.csproj" />
    <Project Path="src/MP.Shared/MP.Shared.csproj" />
    <Project Path="src/MP.UserService/MP.UserService.csproj" />
  </Folder>
  <Project Path="docker-compose.dcproj">
    <Build />
  </Project>
</Solution>
